
Microsoft Visual Studio Solution File, Format Version 12.00
# Visual Studio 15
VisualStudioVersion = 15.0.27130.2036
MinimumVisualStudioVersion = 10.0.40219.1
Project("{FAE04EC0-301F-11D3-BF4B-00C04F79EFBC}") = "MTnew.Android", "MTnew\MTnew.Android\MTnew.Android.csproj", "{59F91B93-C08A-4173-A79C-4830C99500F8}"
EndProject
Project("{FAE04EC0-301F-11D3-BF4B-00C04F79EFBC}") = "MTnew", "MTnew\MTnew\MTnew.csproj", "{B1EA3EEC-B7F7-49CD-8C68-DF611B1F2EEA}"
EndProject
Project("{FAE04EC0-301F-11D3-BF4B-00C04F79EFBC}") = "MTnew.UWP", "MTnew\MTnew.UWP\MTnew.UWP.csproj", "{69D6A935-92FA-428C-A5A5-CC0706CC65E0}"
EndProject
Project("{FAE04EC0-301F-11D3-BF4B-00C04F79EFBC}") = "MTnew.iOS", "MTnew\MTnew.iOS\MTnew.iOS.csproj", "{DCE33BD5-453D-41BB-8087-51A7C0B95D8C}"
EndProject
Global
	GlobalSection(SolutionConfigurationPlatforms) = preSolution
		Ad-Hoc|Any CPU = Ad-Hoc|Any CPU
		Ad-Hoc|ARM = Ad-Hoc|ARM
		Ad-Hoc|iPhone = Ad-Hoc|iPhone
		Ad-Hoc|iPhoneSimulator = Ad-Hoc|iPhoneSimulator
		Ad-Hoc|x64 = Ad-Hoc|x64
		Ad-Hoc|x86 = Ad-Hoc|x86
		AppStore|Any CPU = AppStore|Any CPU
		AppStore|ARM = AppStore|ARM
		AppStore|iPhone = AppStore|iPhone
		AppStore|iPhoneSimulator = AppStore|iPhoneSimulator
		AppStore|x64 = AppStore|x64
		AppStore|x86 = AppStore|x86
		Debug|Any CPU = Debug|Any CPU
		Debug|ARM = Debug|ARM
		Debug|iPhone = Debug|iPhone
		Debug|iPhoneSimulator = Debug|iPhoneSimulator
		Debug|x64 = Debug|x64
		Debug|x86 = Debug|x86
		Release|Any CPU = Release|Any CPU
		Release|ARM = Release|ARM
		Release|iPhone = Release|iPhone
		Release|iPhoneSimulator = Release|iPhoneSimulator
		Release|x64 = Release|x64
		Release|x86 = Release|x86
	EndGlobalSection
	GlobalSection(ProjectConfigurationPlatforms) = postSolution
		{59F91B93-C08A-4173-A79C-4830C99500F8}.Ad-Hoc|Any CPU.ActiveCfg = Release|Any CPU
		{59F91B93-C08A-4173-A79C-4830C99500F8}.Ad-Hoc|Any CPU.Build.0 = Release|Any CPU
		{59F91B93-C08A-4173-A79C-4830C99500F8}.Ad-Hoc|Any CPU.Deploy.0 = Release|Any CPU
		{59F91B93-C08A-4173-A79C-4830C99500F8}.Ad-Hoc|ARM.ActiveCfg = Release|Any CPU
		{59F91B93-C08A-4173-A79C-4830C99500F8}.Ad-Hoc|ARM.Build.0 = Release|Any CPU
		{59F91B93-C08A-4173-A79C-4830C99500F8}.Ad-Hoc|ARM.Deploy.0 = Release|Any CPU
		{59F91B93-C08A-4173-A79C-4830C99500F8}.Ad-Hoc|iPhone.ActiveCfg = Release|Any CPU
		{59F91B93-C08A-4173-A79C-4830C99500F8}.Ad-Hoc|iPhone.Build.0 = Release|Any CPU
		{59F91B93-C08A-4173-A79C-4830C99500F8}.Ad-Hoc|iPhone.Deploy.0 = Release|Any CPU
		{59F91B93-C08A-4173-A79C-4830C99500F8}.Ad-Hoc|iPhoneSimulator.ActiveCfg = Release|Any CPU
		{59F91B93-C08A-4173-A79C-4830C99500F8}.Ad-Hoc|iPhoneSimulator.Build.0 = Release|Any CPU
		{59F91B93-C08A-4173-A79C-4830C99500F8}.Ad-Hoc|iPhoneSimulator.Deploy.0 = Release|Any CPU
		{59F91B93-C08A-4173-A79C-4830C99500F8}.Ad-Hoc|x64.ActiveCfg = Release|Any CPU
		{59F91B93-C08A-4173-A79C-4830C99500F8}.Ad-Hoc|x64.Build.0 = Release|Any CPU
		{59F91B93-C08A-4173-A79C-4830C99500F8}.Ad-Hoc|x64.Deploy.0 = Release|Any CPU
		{59F91B93-C08A-4173-A79C-4830C99500F8}.Ad-Hoc|x86.ActiveCfg = Release|Any CPU
		{59F91B93-C08A-4173-A79C-4830C99500F8}.Ad-Hoc|x86.Build.0 = Release|Any CPU
		{59F91B93-C08A-4173-A79C-4830C99500F8}.Ad-Hoc|x86.Deploy.0 = Release|Any CPU
		{59F91B93-C08A-4173-A79C-4830C99500F8}.AppStore|Any CPU.ActiveCfg = Release|Any CPU
		{59F91B93-C08A-4173-A79C-4830C99500F8}.AppStore|Any CPU.Build.0 = Release|Any CPU
		{59F91B93-C08A-4173-A79C-4830C99500F8}.AppStore|Any CPU.Deploy.0 = Release|Any CPU
		{59F91B93-C08A-4173-A79C-4830C99500F8}.AppStore|ARM.ActiveCfg = Release|Any CPU
		{59F91B93-C08A-4173-A79C-4830C99500F8}.AppStore|ARM.Build.0 = Release|Any CPU
		{59F91B93-C08A-4173-A79C-4830C99500F8}.AppStore|ARM.Deploy.0 = Release|Any CPU
		{59F91B93-C08A-4173-A79C-4830C99500F8}.AppStore|iPhone.ActiveCfg = Release|Any CPU
		{59F91B93-C08A-4173-A79C-4830C99500F8}.AppStore|iPhone.Build.0 = Release|Any CPU
		{59F91B93-C08A-4173-A79C-4830C99500F8}.AppStore|iPhone.Deploy.0 = Release|Any CPU
		{59F91B93-C08A-4173-A79C-4830C99500F8}.AppStore|iPhoneSimulator.ActiveCfg = Release|Any CPU
		{59F91B93-C08A-4173-A79C-4830C99500F8}.AppStore|iPhoneSimulator.Build.0 = Release|Any CPU
		{59F91B93-C08A-4173-A79C-4830C99500F8}.AppStore|iPhoneSimulator.Deploy.0 = Release|Any CPU
		{59F91B93-C08A-4173-A79C-4830C99500F8}.AppStore|x64.ActiveCfg = Release|Any CPU
		{59F91B93-C08A-4173-A79C-4830C99500F8}.AppStore|x64.Build.0 = Release|Any CPU
		{59F91B93-C08A-4173-A79C-4830C99500F8}.AppStore|x64.Deploy.0 = Release|Any CPU
		{59F91B93-C08A-4173-A79C-4830C99500F8}.AppStore|x86.ActiveCfg = Release|Any CPU
		{59F91B93-C08A-4173-A79C-4830C99500F8}.AppStore|x86.Build.0 = Release|Any CPU
		{59F91B93-C08A-4173-A79C-4830C99500F8}.AppStore|x86.Deploy.0 = Release|Any CPU
		{59F91B93-C08A-4173-A79C-4830C99500F8}.Debug|Any CPU.ActiveCfg = Debug|Any CPU
		{59F91B93-C08A-4173-A79C-4830C99500F8}.Debug|Any CPU.Build.0 = Debug|Any CPU
		{59F91B93-C08A-4173-A79C-4830C99500F8}.Debug|Any CPU.Deploy.0 = Debug|Any CPU
		{59F91B93-C08A-4173-A79C-4830C99500F8}.Debug|ARM.ActiveCfg = Debug|Any CPU
		{59F91B93-C08A-4173-A79C-4830C99500F8}.Debug|ARM.Build.0 = Debug|Any CPU
		{59F91B93-C08A-4173-A79C-4830C99500F8}.Debug|ARM.Deploy.0 = Debug|Any CPU
		{59F91B93-C08A-4173-A79C-4830C99500F8}.Debug|iPhone.ActiveCfg = Debug|Any CPU
		{59F91B93-C08A-4173-A79C-4830C99500F8}.Debug|iPhone.Build.0 = Debug|Any CPU
		{59F91B93-C08A-4173-A79C-4830C99500F8}.Debug|iPhone.Deploy.0 = Debug|Any CPU
		{59F91B93-C08A-4173-A79C-4830C99500F8}.Debug|iPhoneSimulator.ActiveCfg = Debug|Any CPU
		{59F91B93-C08A-4173-A79C-4830C99500F8}.Debug|iPhoneSimulator.Build.0 = Debug|Any CPU
		{59F91B93-C08A-4173-A79C-4830C99500F8}.Debug|iPhoneSimulator.Deploy.0 = Debug|Any CPU
		{59F91B93-C08A-4173-A79C-4830C99500F8}.Debug|x64.ActiveCfg = Debug|Any CPU
		{59F91B93-C08A-4173-A79C-4830C99500F8}.Debug|x64.Build.0 = Debug|Any CPU
		{59F91B93-C08A-4173-A79C-4830C99500F8}.Debug|x64.Deploy.0 = Debug|Any CPU
		{59F91B93-C08A-4173-A79C-4830C99500F8}.Debug|x86.ActiveCfg = Debug|Any CPU
		{59F91B93-C08A-4173-A79C-4830C99500F8}.Debug|x86.Build.0 = Debug|Any CPU
		{59F91B93-C08A-4173-A79C-4830C99500F8}.Debug|x86.Deploy.0 = Debug|Any CPU
		{59F91B93-C08A-4173-A79C-4830C99500F8}.Release|Any CPU.ActiveCfg = Release|Any CPU
		{59F91B93-C08A-4173-A79C-4830C99500F8}.Release|Any CPU.Build.0 = Release|Any CPU
		{59F91B93-C08A-4173-A79C-4830C99500F8}.Release|Any CPU.Deploy.0 = Release|Any CPU
		{59F91B93-C08A-4173-A79C-4830C99500F8}.Release|ARM.ActiveCfg = Release|Any CPU
		{59F91B93-C08A-4173-A79C-4830C99500F8}.Release|ARM.Build.0 = Release|Any CPU
		{59F91B93-C08A-4173-A79C-4830C99500F8}.Release|ARM.Deploy.0 = Release|Any CPU
		{59F91B93-C08A-4173-A79C-4830C99500F8}.Release|iPhone.ActiveCfg = Release|Any CPU
		{59F91B93-C08A-4173-A79C-4830C99500F8}.Release|iPhone.Build.0 = Release|Any CPU
		{59F91B93-C08A-4173-A79C-4830C99500F8}.Release|iPhone.Deploy.0 = Release|Any CPU
		{59F91B93-C08A-4173-A79C-4830C99500F8}.Release|iPhoneSimulator.ActiveCfg = Release|Any CPU
		{59F91B93-C08A-4173-A79C-4830C99500F8}.Release|iPhoneSimulator.Build.0 = Release|Any CPU
		{59F91B93-C08A-4173-A79C-4830C99500F8}.Release|iPhoneSimulator.Deploy.0 = Release|Any CPU
		{59F91B93-C08A-4173-A79C-4830C99500F8}.Release|x64.ActiveCfg = Release|Any CPU
		{59F91B93-C08A-4173-A79C-4830C99500F8}.Release|x64.Build.0 = Release|Any CPU
		{59F91B93-C08A-4173-A79C-4830C99500F8}.Release|x64.Deploy.0 = Release|Any CPU
		{59F91B93-C08A-4173-A79C-4830C99500F8}.Release|x86.ActiveCfg = Release|Any CPU
		{59F91B93-C08A-4173-A79C-4830C99500F8}.Release|x86.Build.0 = Release|Any CPU
		{59F91B93-C08A-4173-A79C-4830C99500F8}.Release|x86.Deploy.0 = Release|Any CPU
		{B1EA3EEC-B7F7-49CD-8C68-DF611B1F2EEA}.Ad-Hoc|Any CPU.ActiveCfg = Release|Any CPU
		{B1EA3EEC-B7F7-49CD-8C68-DF611B1F2EEA}.Ad-Hoc|Any CPU.Build.0 = Release|Any CPU
		{B1EA3EEC-B7F7-49CD-8C68-DF611B1F2EEA}.Ad-Hoc|ARM.ActiveCfg = Release|Any CPU
		{B1EA3EEC-B7F7-49CD-8C68-DF611B1F2EEA}.Ad-Hoc|ARM.Build.0 = Release|Any CPU
		{B1EA3EEC-B7F7-49CD-8C68-DF611B1F2EEA}.Ad-Hoc|iPhone.ActiveCfg = Release|Any CPU
		{B1EA3EEC-B7F7-49CD-8C68-DF611B1F2EEA}.Ad-Hoc|iPhone.Build.0 = Release|Any CPU
		{B1EA3EEC-B7F7-49CD-8C68-DF611B1F2EEA}.Ad-Hoc|iPhoneSimulator.ActiveCfg = Release|Any CPU
		{B1EA3EEC-B7F7-49CD-8C68-DF611B1F2EEA}.Ad-Hoc|iPhoneSimulator.Build.0 = Release|Any CPU
		{B1EA3EEC-B7F7-49CD-8C68-DF611B1F2EEA}.Ad-Hoc|x64.ActiveCfg = Release|Any CPU
		{B1EA3EEC-B7F7-49CD-8C68-DF611B1F2EEA}.Ad-Hoc|x64.Build.0 = Release|Any CPU
		{B1EA3EEC-B7F7-49CD-8C68-DF611B1F2EEA}.Ad-Hoc|x86.ActiveCfg = Release|Any CPU
		{B1EA3EEC-B7F7-49CD-8C68-DF611B1F2EEA}.Ad-Hoc|x86.Build.0 = Release|Any CPU
		{B1EA3EEC-B7F7-49CD-8C68-DF611B1F2EEA}.AppStore|Any CPU.ActiveCfg = Release|Any CPU
		{B1EA3EEC-B7F7-49CD-8C68-DF611B1F2EEA}.AppStore|Any CPU.Build.0 = Release|Any CPU
		{B1EA3EEC-B7F7-49CD-8C68-DF611B1F2EEA}.AppStore|ARM.ActiveCfg = Release|Any CPU
		{B1EA3EEC-B7F7-49CD-8C68-DF611B1F2EEA}.AppStore|ARM.Build.0 = Release|Any CPU
		{B1EA3EEC-B7F7-49CD-8C68-DF611B1F2EEA}.AppStore|iPhone.ActiveCfg = Release|Any CPU
		{B1EA3EEC-B7F7-49CD-8C68-DF611B1F2EEA}.AppStore|iPhone.Build.0 = Release|Any CPU
		{B1EA3EEC-B7F7-49CD-8C68-DF611B1F2EEA}.AppStore|iPhoneSimulator.ActiveCfg = Release|Any CPU
		{B1EA3EEC-B7F7-49CD-8C68-DF611B1F2EEA}.AppStore|iPhoneSimulator.Build.0 = Release|Any CPU
		{B1EA3EEC-B7F7-49CD-8C68-DF611B1F2EEA}.AppStore|x64.ActiveCfg = Release|Any CPU
		{B1EA3EEC-B7F7-49CD-8C68-DF611B1F2EEA}.AppStore|x64.Build.0 = Release|Any CPU
		{B1EA3EEC-B7F7-49CD-8C68-DF611B1F2EEA}.AppStore|x86.ActiveCfg = Release|Any CPU
		{B1EA3EEC-B7F7-49CD-8C68-DF611B1F2EEA}.AppStore|x86.Build.0 = Release|Any CPU
		{B1EA3EEC-B7F7-49CD-8C68-DF611B1F2EEA}.Debug|Any CPU.ActiveCfg = Debug|Any CPU
		{B1EA3EEC-B7F7-49CD-8C68-DF611B1F2EEA}.Debug|Any CPU.Build.0 = Debug|Any CPU
		{B1EA3EEC-B7F7-49CD-8C68-DF611B1F2EEA}.Debug|ARM.ActiveCfg = Debug|Any CPU
		{B1EA3EEC-B7F7-49CD-8C68-DF611B1F2EEA}.Debug|ARM.Build.0 = Debug|Any CPU
		{B1EA3EEC-B7F7-49CD-8C68-DF611B1F2EEA}.Debug|iPhone.ActiveCfg = Debug|Any CPU
		{B1EA3EEC-B7F7-49CD-8C68-DF611B1F2EEA}.Debug|iPhone.Build.0 = Debug|Any CPU
		{B1EA3EEC-B7F7-49CD-8C68-DF611B1F2EEA}.Debug|iPhoneSimulator.ActiveCfg = Debug|Any CPU
		{B1EA3EEC-B7F7-49CD-8C68-DF611B1F2EEA}.Debug|iPhoneSimulator.Build.0 = Debug|Any CPU
		{B1EA3EEC-B7F7-49CD-8C68-DF611B1F2EEA}.Debug|x64.ActiveCfg = Debug|Any CPU
		{B1EA3EEC-B7F7-49CD-8C68-DF611B1F2EEA}.Debug|x64.Build.0 = Debug|Any CPU
		{B1EA3EEC-B7F7-49CD-8C68-DF611B1F2EEA}.Debug|x86.ActiveCfg = Debug|Any CPU
		{B1EA3EEC-B7F7-49CD-8C68-DF611B1F2EEA}.Debug|x86.Build.0 = Debug|Any CPU
		{B1EA3EEC-B7F7-49CD-8C68-DF611B1F2EEA}.Release|Any CPU.ActiveCfg = Release|Any CPU
		{B1EA3EEC-B7F7-49CD-8C68-DF611B1F2EEA}.Release|Any CPU.Build.0 = Release|Any CPU
		{B1EA3EEC-B7F7-49CD-8C68-DF611B1F2EEA}.Release|ARM.ActiveCfg = Release|Any CPU
		{B1EA3EEC-B7F7-49CD-8C68-DF611B1F2EEA}.Release|ARM.Build.0 = Release|Any CPU
		{B1EA3EEC-B7F7-49CD-8C68-DF611B1F2EEA}.Release|iPhone.ActiveCfg = Release|Any CPU
		{B1EA3EEC-B7F7-49CD-8C68-DF611B1F2EEA}.Release|iPhone.Build.0 = Release|Any CPU
		{B1EA3EEC-B7F7-49CD-8C68-DF611B1F2EEA}.Release|iPhoneSimulator.ActiveCfg = Release|Any CPU
		{B1EA3EEC-B7F7-49CD-8C68-DF611B1F2EEA}.Release|iPhoneSimulator.Build.0 = Release|Any CPU
		{B1EA3EEC-B7F7-49CD-8C68-DF611B1F2EEA}.Release|x64.ActiveCfg = Release|Any CPU
		{B1EA3EEC-B7F7-49CD-8C68-DF611B1F2EEA}.Release|x64.Build.0 = Release|Any CPU
		{B1EA3EEC-B7F7-49CD-8C68-DF611B1F2EEA}.Release|x86.ActiveCfg = Release|Any CPU
		{B1EA3EEC-B7F7-49CD-8C68-DF611B1F2EEA}.Release|x86.Build.0 = Release|Any CPU
		{69D6A935-92FA-428C-A5A5-CC0706CC65E0}.Ad-Hoc|Any CPU.ActiveCfg = Release|x86
		{69D6A935-92FA-428C-A5A5-CC0706CC65E0}.Ad-Hoc|Any CPU.Build.0 = Release|x86
		{69D6A935-92FA-428C-A5A5-CC0706CC65E0}.Ad-Hoc|Any CPU.Deploy.0 = Release|x86
		{69D6A935-92FA-428C-A5A5-CC0706CC65E0}.Ad-Hoc|ARM.ActiveCfg = Release|ARM
		{69D6A935-92FA-428C-A5A5-CC0706CC65E0}.Ad-Hoc|ARM.Build.0 = Release|ARM
		{69D6A935-92FA-428C-A5A5-CC0706CC65E0}.Ad-Hoc|ARM.Deploy.0 = Release|ARM
		{69D6A935-92FA-428C-A5A5-CC0706CC65E0}.Ad-Hoc|iPhone.ActiveCfg = Release|x86
		{69D6A935-92FA-428C-A5A5-CC0706CC65E0}.Ad-Hoc|iPhone.Build.0 = Release|x86
		{69D6A935-92FA-428C-A5A5-CC0706CC65E0}.Ad-Hoc|iPhone.Deploy.0 = Release|x86
		{69D6A935-92FA-428C-A5A5-CC0706CC65E0}.Ad-Hoc|iPhoneSimulator.ActiveCfg = Release|x86
		{69D6A935-92FA-428C-A5A5-CC0706CC65E0}.Ad-Hoc|iPhoneSimulator.Build.0 = Release|x86
		{69D6A935-92FA-428C-A5A5-CC0706CC65E0}.Ad-Hoc|iPhoneSimulator.Deploy.0 = Release|x86
		{69D6A935-92FA-428C-A5A5-CC0706CC65E0}.Ad-Hoc|x64.ActiveCfg = Release|x64
		{69D6A935-92FA-428C-A5A5-CC0706CC65E0}.Ad-Hoc|x64.Build.0 = Release|x64
		{69D6A935-92FA-428C-A5A5-CC0706CC65E0}.Ad-Hoc|x64.Deploy.0 = Release|x64
		{69D6A935-92FA-428C-A5A5-CC0706CC65E0}.Ad-Hoc|x86.ActiveCfg = Release|x86
		{69D6A935-92FA-428C-A5A5-CC0706CC65E0}.Ad-Hoc|x86.Build.0 = Release|x86
		{69D6A935-92FA-428C-A5A5-CC0706CC65E0}.Ad-Hoc|x86.Deploy.0 = Release|x86
		{69D6A935-92FA-428C-A5A5-CC0706CC65E0}.AppStore|Any CPU.ActiveCfg = Release|x86
		{69D6A935-92FA-428C-A5A5-CC0706CC65E0}.AppStore|Any CPU.Build.0 = Release|x86
		{69D6A935-92FA-428C-A5A5-CC0706CC65E0}.AppStore|Any CPU.Deploy.0 = Release|x86
		{69D6A935-92FA-428C-A5A5-CC0706CC65E0}.AppStore|ARM.ActiveCfg = Release|ARM
		{69D6A935-92FA-428C-A5A5-CC0706CC65E0}.AppStore|ARM.Build.0 = Release|ARM
		{69D6A935-92FA-428C-A5A5-CC0706CC65E0}.AppStore|ARM.Deploy.0 = Release|ARM
		{69D6A935-92FA-428C-A5A5-CC0706CC65E0}.AppStore|iPhone.ActiveCfg = Release|x86
		{69D6A935-92FA-428C-A5A5-CC0706CC65E0}.AppStore|iPhone.Build.0 = Release|x86
		{69D6A935-92FA-428C-A5A5-CC0706CC65E0}.AppStore|iPhone.Deploy.0 = Release|x86
		{69D6A935-92FA-428C-A5A5-CC0706CC65E0}.AppStore|iPhoneSimulator.ActiveCfg = Release|x86
		{69D6A935-92FA-428C-A5A5-CC0706CC65E0}.AppStore|iPhoneSimulator.Build.0 = Release|x86
		{69D6A935-92FA-428C-A5A5-CC0706CC65E0}.AppStore|iPhoneSimulator.Deploy.0 = Release|x86
		{69D6A935-92FA-428C-A5A5-CC0706CC65E0}.AppStore|x64.ActiveCfg = Release|x64
		{69D6A935-92FA-428C-A5A5-CC0706CC65E0}.AppStore|x64.Build.0 = Release|x64
		{69D6A935-92FA-428C-A5A5-CC0706CC65E0}.AppStore|x64.Deploy.0 = Release|x64
		{69D6A935-92FA-428C-A5A5-CC0706CC65E0}.AppStore|x86.ActiveCfg = Release|x86
		{69D6A935-92FA-428C-A5A5-CC0706CC65E0}.AppStore|x86.Build.0 = Release|x86
		{69D6A935-92FA-428C-A5A5-CC0706CC65E0}.AppStore|x86.Deploy.0 = Release|x86
		{69D6A935-92FA-428C-A5A5-CC0706CC65E0}.Debug|Any CPU.ActiveCfg = Debug|x86
		{69D6A935-92FA-428C-A5A5-CC0706CC65E0}.Debug|ARM.ActiveCfg = Debug|ARM
		{69D6A935-92FA-428C-A5A5-CC0706CC65E0}.Debug|ARM.Build.0 = Debug|ARM
		{69D6A935-92FA-428C-A5A5-CC0706CC65E0}.Debug|ARM.Deploy.0 = Debug|ARM
		{69D6A935-92FA-428C-A5A5-CC0706CC65E0}.Debug|iPhone.ActiveCfg = Debug|x86
		{69D6A935-92FA-428C-A5A5-CC0706CC65E0}.Debug|iPhoneSimulator.ActiveCfg = Debug|x86
		{69D6A935-92FA-428C-A5A5-CC0706CC65E0}.Debug|x64.ActiveCfg = Debug|x64
		{69D6A935-92FA-428C-A5A5-CC0706CC65E0}.Debug|x64.Build.0 = Debug|x64
		{69D6A935-92FA-428C-A5A5-CC0706CC65E0}.Debug|x64.Deploy.0 = Debug|x64
		{69D6A935-92FA-428C-A5A5-CC0706CC65E0}.Debug|x86.ActiveCfg = Debug|x86
		{69D6A935-92FA-428C-A5A5-CC0706CC65E0}.Debug|x86.Build.0 = Debug|x86
		{69D6A935-92FA-428C-A5A5-CC0706CC65E0}.Debug|x86.Deploy.0 = Debug|x86
		{69D6A935-92FA-428C-A5A5-CC0706CC65E0}.Release|Any CPU.ActiveCfg = Release|x86
		{69D6A935-92FA-428C-A5A5-CC0706CC65E0}.Release|ARM.ActiveCfg = Release|ARM
		{69D6A935-92FA-428C-A5A5-CC0706CC65E0}.Release|ARM.Build.0 = Release|ARM
		{69D6A935-92FA-428C-A5A5-CC0706CC65E0}.Release|ARM.Deploy.0 = Release|ARM
		{69D6A935-92FA-428C-A5A5-CC0706CC65E0}.Release|iPhone.ActiveCfg = Release|x86
		{69D6A935-92FA-428C-A5A5-CC0706CC65E0}.Release|iPhoneSimulator.ActiveCfg = Release|x86
		{69D6A935-92FA-428C-A5A5-CC0706CC65E0}.Release|x64.ActiveCfg = Release|x64
		{69D6A935-92FA-428C-A5A5-CC0706CC65E0}.Release|x64.Build.0 = Release|x64
		{69D6A935-92FA-428C-A5A5-CC0706CC65E0}.Release|x64.Deploy.0 = Release|x64
		{69D6A935-92FA-428C-A5A5-CC0706CC65E0}.Release|x86.ActiveCfg = Release|x86
		{69D6A935-92FA-428C-A5A5-CC0706CC65E0}.Release|x86.Build.0 = Release|x86
		{69D6A935-92FA-428C-A5A5-CC0706CC65E0}.Release|x86.Deploy.0 = Release|x86
		{DCE33BD5-453D-41BB-8087-51A7C0B95D8C}.Ad-Hoc|Any CPU.ActiveCfg = Ad-Hoc|iPhone
		{DCE33BD5-453D-41BB-8087-51A7C0B95D8C}.Ad-Hoc|ARM.ActiveCfg = Ad-Hoc|iPhone
		{DCE33BD5-453D-41BB-8087-51A7C0B95D8C}.Ad-Hoc|iPhone.ActiveCfg = Ad-Hoc|iPhone
		{DCE33BD5-453D-41BB-8087-51A7C0B95D8C}.Ad-Hoc|iPhone.Build.0 = Ad-Hoc|iPhone
		{DCE33BD5-453D-41BB-8087-51A7C0B95D8C}.Ad-Hoc|iPhoneSimulator.ActiveCfg = Ad-Hoc|iPhoneSimulator
		{DCE33BD5-453D-41BB-8087-51A7C0B95D8C}.Ad-Hoc|iPhoneSimulator.Build.0 = Ad-Hoc|iPhoneSimulator
		{DCE33BD5-453D-41BB-8087-51A7C0B95D8C}.Ad-Hoc|x64.ActiveCfg = Ad-Hoc|iPhone
		{DCE33BD5-453D-41BB-8087-51A7C0B95D8C}.Ad-Hoc|x86.ActiveCfg = Ad-Hoc|iPhone
		{DCE33BD5-453D-41BB-8087-51A7C0B95D8C}.AppStore|Any CPU.ActiveCfg = AppStore|iPhone
		{DCE33BD5-453D-41BB-8087-51A7C0B95D8C}.AppStore|ARM.ActiveCfg = AppStore|iPhone
		{DCE33BD5-453D-41BB-8087-51A7C0B95D8C}.AppStore|iPhone.ActiveCfg = AppStore|iPhone
		{DCE33BD5-453D-41BB-8087-51A7C0B95D8C}.AppStore|iPhone.Build.0 = AppStore|iPhone
		{DCE33BD5-453D-41BB-8087-51A7C0B95D8C}.AppStore|iPhoneSimulator.ActiveCfg = AppStore|iPhoneSimulator
		{DCE33BD5-453D-41BB-8087-51A7C0B95D8C}.AppStore|iPhoneSimulator.Build.0 = AppStore|iPhoneSimulator
		{DCE33BD5-453D-41BB-8087-51A7C0B95D8C}.AppStore|x64.ActiveCfg = AppStore|iPhone
		{DCE33BD5-453D-41BB-8087-51A7C0B95D8C}.AppStore|x86.ActiveCfg = AppStore|iPhone
		{DCE33BD5-453D-41BB-8087-51A7C0B95D8C}.Debug|Any CPU.ActiveCfg = Debug|iPhone
		{DCE33BD5-453D-41BB-8087-51A7C0B95D8C}.Debug|ARM.ActiveCfg = Debug|iPhone
		{DCE33BD5-453D-41BB-8087-51A7C0B95D8C}.Debug|iPhone.ActiveCfg = Debug|iPhone
		{DCE33BD5-453D-41BB-8087-51A7C0B95D8C}.Debug|iPhone.Build.0 = Debug|iPhone
		{DCE33BD5-453D-41BB-8087-51A7C0B95D8C}.Debug|iPhoneSimulator.ActiveCfg = Debug|iPhoneSimulator
		{DCE33BD5-453D-41BB-8087-51A7C0B95D8C}.Debug|iPhoneSimulator.Build.0 = Debug|iPhoneSimulator
		{DCE33BD5-453D-41BB-8087-51A7C0B95D8C}.Debug|x64.ActiveCfg = Debug|iPhone
		{DCE33BD5-453D-41BB-8087-51A7C0B95D8C}.Debug|x86.ActiveCfg = Debug|iPhone
		{DCE33BD5-453D-41BB-8087-51A7C0B95D8C}.Release|Any CPU.ActiveCfg = Release|iPhone
		{DCE33BD5-453D-41BB-8087-51A7C0B95D8C}.Release|ARM.ActiveCfg = Release|iPhone
		{DCE33BD5-453D-41BB-8087-51A7C0B95D8C}.Release|iPhone.ActiveCfg = Release|iPhone
		{DCE33BD5-453D-41BB-8087-51A7C0B95D8C}.Release|iPhone.Build.0 = Release|iPhone
		{DCE33BD5-453D-41BB-8087-51A7C0B95D8C}.Release|iPhoneSimulator.ActiveCfg = Release|iPhoneSimulator
		{DCE33BD5-453D-41BB-8087-51A7C0B95D8C}.Release|iPhoneSimulator.Build.0 = Release|iPhoneSimulator
		{DCE33BD5-453D-41BB-8087-51A7C0B95D8C}.Release|x64.ActiveCfg = Release|iPhone
		{DCE33BD5-453D-41BB-8087-51A7C0B95D8C}.Release|x86.ActiveCfg = Release|iPhone
	EndGlobalSection
	GlobalSection(SolutionProperties) = preSolution
		HideSolutionNode = FALSE
	EndGlobalSection
	GlobalSection(ExtensibilityGlobals) = postSolution
		SolutionGuid = {49EF006E-099F-4E44-8627-B2B46ADF5626}
	EndGlobalSection
EndGlobal
